
Microsoft Visual Studio Solution File, Format Version 12.00
# Visual Studio Version 17
VisualStudioVersion = 17.4.33122.133
MinimumVisualStudioVersion = 10.0.40219.1
Project("{2150E333-8FDC-42A3-9474-1A3956D46DE8}") = "Solution Items", "Solution Items", "{08B2BBD9-0811-4900-B5F1-9DF12BA68C6C}"
	ProjectSection(SolutionItems) = preProject
		.editorconfig = .editorconfig
	EndProjectSection
EndProject
Project("{9A19103F-16F7-4668-BE54-9A1E7A4F7556}") = "OPEdit.Avalonia", "OPEdit.Avalonia\OPEdit.Avalonia.csproj", "{62F4E86A-C3C2-4E9A-A2AB-E59E27466725}"
EndProject
Project("{C7167F0D-BC9F-4E6E-AFE1-012C56B48DB5}") = "OPEdit.Packaging", "OPEdit.Packaging\OPEdit.Packaging.wapproj", "{3CCA871A-155D-4E40-B64F-65314225A00D}"
EndProject
Project("{9A19103F-16F7-4668-BE54-9A1E7A4F7556}") = "OPEdit.Next", "OPEdit.Next\OPEdit.Next.csproj", "{0B178547-B8C0-49C2-97C8-5E4AC87C0A39}"
EndProject
Project("{9A19103F-16F7-4668-BE54-9A1E7A4F7556}") = "OPEdit.Core", "OPEdit.Core\OPEdit.Core.csproj", "{B2DA5DD3-F1EC-4BBE-BB44-E0B01E608010}"
EndProject
Project("{9A19103F-16F7-4668-BE54-9A1E7A4F7556}") = "OPEdit", "OPEdit\OPEdit.csproj", "{982141A9-332D-46ED-BE02-ADFAF0313BEE}"
EndProject
Global
	GlobalSection(SolutionConfigurationPlatforms) = preSolution
		Debug|Any CPU = Debug|Any CPU
		Debug|ARM = Debug|ARM
		Debug|ARM64 = Debug|ARM64
		Debug|x64 = Debug|x64
		Debug|x86 = Debug|x86
		Release|Any CPU = Release|Any CPU
		Release|ARM = Release|ARM
		Release|ARM64 = Release|ARM64
		Release|x64 = Release|x64
		Release|x86 = Release|x86
	EndGlobalSection
	GlobalSection(ProjectConfigurationPlatforms) = postSolution
		{62F4E86A-C3C2-4E9A-A2AB-E59E27466725}.Debug|Any CPU.ActiveCfg = Debug|Any CPU
		{62F4E86A-C3C2-4E9A-A2AB-E59E27466725}.Debug|Any CPU.Build.0 = Debug|Any CPU
		{62F4E86A-C3C2-4E9A-A2AB-E59E27466725}.Debug|ARM.ActiveCfg = Debug|Any CPU
		{62F4E86A-C3C2-4E9A-A2AB-E59E27466725}.Debug|ARM.Build.0 = Debug|Any CPU
		{62F4E86A-C3C2-4E9A-A2AB-E59E27466725}.Debug|ARM64.ActiveCfg = Debug|Any CPU
		{62F4E86A-C3C2-4E9A-A2AB-E59E27466725}.Debug|ARM64.Build.0 = Debug|Any CPU
		{62F4E86A-C3C2-4E9A-A2AB-E59E27466725}.Debug|x64.ActiveCfg = Debug|Any CPU
		{62F4E86A-C3C2-4E9A-A2AB-E59E27466725}.Debug|x64.Build.0 = Debug|Any CPU
		{62F4E86A-C3C2-4E9A-A2AB-E59E27466725}.Debug|x86.ActiveCfg = Debug|Any CPU
		{62F4E86A-C3C2-4E9A-A2AB-E59E27466725}.Debug|x86.Build.0 = Debug|Any CPU
		{62F4E86A-C3C2-4E9A-A2AB-E59E27466725}.Release|Any CPU.ActiveCfg = Release|Any CPU
		{62F4E86A-C3C2-4E9A-A2AB-E59E27466725}.Release|Any CPU.Build.0 = Release|Any CPU
		{62F4E86A-C3C2-4E9A-A2AB-E59E27466725}.Release|ARM.ActiveCfg = Release|Any CPU
		{62F4E86A-C3C2-4E9A-A2AB-E59E27466725}.Release|ARM.Build.0 = Release|Any CPU
		{62F4E86A-C3C2-4E9A-A2AB-E59E27466725}.Release|ARM64.ActiveCfg = Release|Any CPU
		{62F4E86A-C3C2-4E9A-A2AB-E59E27466725}.Release|ARM64.Build.0 = Release|Any CPU
		{62F4E86A-C3C2-4E9A-A2AB-E59E27466725}.Release|x64.ActiveCfg = Release|Any CPU
		{62F4E86A-C3C2-4E9A-A2AB-E59E27466725}.Release|x64.Build.0 = Release|Any CPU
		{62F4E86A-C3C2-4E9A-A2AB-E59E27466725}.Release|x86.ActiveCfg = Release|Any CPU
		{62F4E86A-C3C2-4E9A-A2AB-E59E27466725}.Release|x86.Build.0 = Release|Any CPU
		{3CCA871A-155D-4E40-B64F-65314225A00D}.Debug|Any CPU.ActiveCfg = Debug|x64
		{3CCA871A-155D-4E40-B64F-65314225A00D}.Debug|Any CPU.Build.0 = Debug|x64
		{3CCA871A-155D-4E40-B64F-65314225A00D}.Debug|Any CPU.Deploy.0 = Debug|x64
		{3CCA871A-155D-4E40-B64F-65314225A00D}.Debug|ARM.ActiveCfg = Debug|ARM
		{3CCA871A-155D-4E40-B64F-65314225A00D}.Debug|ARM.Build.0 = Debug|ARM
		{3CCA871A-155D-4E40-B64F-65314225A00D}.Debug|ARM.Deploy.0 = Debug|ARM
		{3CCA871A-155D-4E40-B64F-65314225A00D}.Debug|ARM64.ActiveCfg = Debug|ARM64
		{3CCA871A-155D-4E40-B64F-65314225A00D}.Debug|ARM64.Build.0 = Debug|ARM64
		{3CCA871A-155D-4E40-B64F-65314225A00D}.Debug|ARM64.Deploy.0 = Debug|ARM64
		{3CCA871A-155D-4E40-B64F-65314225A00D}.Debug|x64.ActiveCfg = Debug|x64
		{3CCA871A-155D-4E40-B64F-65314225A00D}.Debug|x64.Build.0 = Debug|x64
		{3CCA871A-155D-4E40-B64F-65314225A00D}.Debug|x64.Deploy.0 = Debug|x64
		{3CCA871A-155D-4E40-B64F-65314225A00D}.Debug|x86.ActiveCfg = Debug|x86
		{3CCA871A-155D-4E40-B64F-65314225A00D}.Debug|x86.Build.0 = Debug|x86
		{3CCA871A-155D-4E40-B64F-65314225A00D}.Debug|x86.Deploy.0 = Debug|x86
		{3CCA871A-155D-4E40-B64F-65314225A00D}.Release|Any CPU.ActiveCfg = Release|x64
		{3CCA871A-155D-4E40-B64F-65314225A00D}.Release|Any CPU.Build.0 = Release|x64
		{3CCA871A-155D-4E40-B64F-65314225A00D}.Release|Any CPU.Deploy.0 = Release|x64
		{3CCA871A-155D-4E40-B64F-65314225A00D}.Release|ARM.ActiveCfg = Release|ARM
		{3CCA871A-155D-4E40-B64F-65314225A00D}.Release|ARM.Build.0 = Release|ARM
		{3CCA871A-155D-4E40-B64F-65314225A00D}.Release|ARM.Deploy.0 = Release|ARM
		{3CCA871A-155D-4E40-B64F-65314225A00D}.Release|ARM64.ActiveCfg = Release|ARM64
		{3CCA871A-155D-4E40-B64F-65314225A00D}.Release|ARM64.Build.0 = Release|ARM64
		{3CCA871A-155D-4E40-B64F-65314225A00D}.Release|ARM64.Deploy.0 = Release|ARM64
		{3CCA871A-155D-4E40-B64F-65314225A00D}.Release|x64.ActiveCfg = Release|x64
		{3CCA871A-155D-4E40-B64F-65314225A00D}.Release|x64.Build.0 = Release|x64
		{3CCA871A-155D-4E40-B64F-65314225A00D}.Release|x64.Deploy.0 = Release|x64
		{3CCA871A-155D-4E40-B64F-65314225A00D}.Release|x86.ActiveCfg = Release|x86
		{3CCA871A-155D-4E40-B64F-65314225A00D}.Release|x86.Build.0 = Release|x86
		{3CCA871A-155D-4E40-B64F-65314225A00D}.Release|x86.Deploy.0 = Release|x86
		{0B178547-B8C0-49C2-97C8-5E4AC87C0A39}.Debug|Any CPU.ActiveCfg = Debug|x64
		{0B178547-B8C0-49C2-97C8-5E4AC87C0A39}.Debug|Any CPU.Build.0 = Debug|x64
		{0B178547-B8C0-49C2-97C8-5E4AC87C0A39}.Debug|ARM.ActiveCfg = Debug|x64
		{0B178547-B8C0-49C2-97C8-5E4AC87C0A39}.Debug|ARM.Build.0 = Debug|x64
		{0B178547-B8C0-49C2-97C8-5E4AC87C0A39}.Debug|ARM64.ActiveCfg = Debug|x64
		{0B178547-B8C0-49C2-97C8-5E4AC87C0A39}.Debug|ARM64.Build.0 = Debug|x64
		{0B178547-B8C0-49C2-97C8-5E4AC87C0A39}.Debug|x64.ActiveCfg = Debug|x64
		{0B178547-B8C0-49C2-97C8-5E4AC87C0A39}.Debug|x64.Build.0 = Debug|x64
		{0B178547-B8C0-49C2-97C8-5E4AC87C0A39}.Debug|x86.ActiveCfg = Debug|x86
		{0B178547-B8C0-49C2-97C8-5E4AC87C0A39}.Debug|x86.Build.0 = Debug|x86
		{0B178547-B8C0-49C2-97C8-5E4AC87C0A39}.Release|Any CPU.ActiveCfg = Release|x64
		{0B178547-B8C0-49C2-97C8-5E4AC87C0A39}.Release|Any CPU.Build.0 = Release|x64
		{0B178547-B8C0-49C2-97C8-5E4AC87C0A39}.Release|ARM.ActiveCfg = Release|x64
		{0B178547-B8C0-49C2-97C8-5E4AC87C0A39}.Release|ARM.Build.0 = Release|x64
		{0B178547-B8C0-49C2-97C8-5E4AC87C0A39}.Release|ARM64.ActiveCfg = Release|x64
		{0B178547-B8C0-49C2-97C8-5E4AC87C0A39}.Release|ARM64.Build.0 = Release|x64
		{0B178547-B8C0-49C2-97C8-5E4AC87C0A39}.Release|x64.ActiveCfg = Release|x64
		{0B178547-B8C0-49C2-97C8-5E4AC87C0A39}.Release|x64.Build.0 = Release|x64
		{0B178547-B8C0-49C2-97C8-5E4AC87C0A39}.Release|x86.ActiveCfg = Release|x86
		{0B178547-B8C0-49C2-97C8-5E4AC87C0A39}.Release|x86.Build.0 = Release|x86
		{B2DA5DD3-F1EC-4BBE-BB44-E0B01E608010}.Debug|Any CPU.ActiveCfg = Debug|Any CPU
		{B2DA5DD3-F1EC-4BBE-BB44-E0B01E608010}.Debug|Any CPU.Build.0 = Debug|Any CPU
		{B2DA5DD3-F1EC-4BBE-BB44-E0B01E608010}.Debug|ARM.ActiveCfg = Debug|Any CPU
		{B2DA5DD3-F1EC-4BBE-BB44-E0B01E608010}.Debug|ARM.Build.0 = Debug|Any CPU
		{B2DA5DD3-F1EC-4BBE-BB44-E0B01E608010}.Debug|ARM64.ActiveCfg = Debug|Any CPU
		{B2DA5DD3-F1EC-4BBE-BB44-E0B01E608010}.Debug|ARM64.Build.0 = Debug|Any CPU
		{B2DA5DD3-F1EC-4BBE-BB44-E0B01E608010}.Debug|x64.ActiveCfg = Debug|x64
		{B2DA5DD3-F1EC-4BBE-BB44-E0B01E608010}.Debug|x64.Build.0 = Debug|x64
		{B2DA5DD3-F1EC-4BBE-BB44-E0B01E608010}.Debug|x86.ActiveCfg = Debug|x86
		{B2DA5DD3-F1EC-4BBE-BB44-E0B01E608010}.Debug|x86.Build.0 = Debug|x86
		{B2DA5DD3-F1EC-4BBE-BB44-E0B01E608010}.Release|Any CPU.ActiveCfg = Release|Any CPU
		{B2DA5DD3-F1EC-4BBE-BB44-E0B01E608010}.Release|Any CPU.Build.0 = Release|Any CPU
		{B2DA5DD3-F1EC-4BBE-BB44-E0B01E608010}.Release|ARM.ActiveCfg = Release|Any CPU
		{B2DA5DD3-F1EC-4BBE-BB44-E0B01E608010}.Release|ARM.Build.0 = Release|Any CPU
		{B2DA5DD3-F1EC-4BBE-BB44-E0B01E608010}.Release|ARM64.ActiveCfg = Release|Any CPU
		{B2DA5DD3-F1EC-4BBE-BB44-E0B01E608010}.Release|ARM64.Build.0 = Release|Any CPU
		{B2DA5DD3-F1EC-4BBE-BB44-E0B01E608010}.Release|x64.ActiveCfg = Release|x64
		{B2DA5DD3-F1EC-4BBE-BB44-E0B01E608010}.Release|x64.Build.0 = Release|x64
		{B2DA5DD3-F1EC-4BBE-BB44-E0B01E608010}.Release|x86.ActiveCfg = Release|x86
		{B2DA5DD3-F1EC-4BBE-BB44-E0B01E608010}.Release|x86.Build.0 = Release|x86
		{982141A9-332D-46ED-BE02-ADFAF0313BEE}.Debug|Any CPU.ActiveCfg = Debug|Any CPU
		{982141A9-332D-46ED-BE02-ADFAF0313BEE}.Debug|Any CPU.Build.0 = Debug|Any CPU
		{982141A9-332D-46ED-BE02-ADFAF0313BEE}.Debug|ARM.ActiveCfg = Debug|Any CPU
		{982141A9-332D-46ED-BE02-ADFAF0313BEE}.Debug|ARM.Build.0 = Debug|Any CPU
		{982141A9-332D-46ED-BE02-ADFAF0313BEE}.Debug|ARM64.ActiveCfg = Debug|Any CPU
		{982141A9-332D-46ED-BE02-ADFAF0313BEE}.Debug|ARM64.Build.0 = Debug|Any CPU
		{982141A9-332D-46ED-BE02-ADFAF0313BEE}.Debug|x64.ActiveCfg = Debug|x64
		{982141A9-332D-46ED-BE02-ADFAF0313BEE}.Debug|x64.Build.0 = Debug|x64
		{982141A9-332D-46ED-BE02-ADFAF0313BEE}.Debug|x86.ActiveCfg = Debug|Any CPU
		{982141A9-332D-46ED-BE02-ADFAF0313BEE}.Debug|x86.Build.0 = Debug|Any CPU
		{982141A9-332D-46ED-BE02-ADFAF0313BEE}.Release|Any CPU.ActiveCfg = Release|Any CPU
		{982141A9-332D-46ED-BE02-ADFAF0313BEE}.Release|Any CPU.Build.0 = Release|Any CPU
		{982141A9-332D-46ED-BE02-ADFAF0313BEE}.Release|ARM.ActiveCfg = Release|Any CPU
		{982141A9-332D-46ED-BE02-ADFAF0313BEE}.Release|ARM.Build.0 = Release|Any CPU
		{982141A9-332D-46ED-BE02-ADFAF0313BEE}.Release|ARM64.ActiveCfg = Release|Any CPU
		{982141A9-332D-46ED-BE02-ADFAF0313BEE}.Release|ARM64.Build.0 = Release|Any CPU
		{982141A9-332D-46ED-BE02-ADFAF0313BEE}.Release|x64.ActiveCfg = Release|x64
		{982141A9-332D-46ED-BE02-ADFAF0313BEE}.Release|x64.Build.0 = Release|x64
		{982141A9-332D-46ED-BE02-ADFAF0313BEE}.Release|x86.ActiveCfg = Release|Any CPU
		{982141A9-332D-46ED-BE02-ADFAF0313BEE}.Release|x86.Build.0 = Release|Any CPU
	EndGlobalSection
	GlobalSection(SolutionProperties) = preSolution
		HideSolutionNode = FALSE
	EndGlobalSection
	GlobalSection(ExtensibilityGlobals) = postSolution
		SolutionGuid = {DEE377ED-2CD9-421B-A713-939CEDD2E1BF}
	EndGlobalSection
EndGlobal
