<Solution>
  <Folder Name="/Solution Items/">
    <File Path=".editorconfig" />
    <File Path="README.md" />
  </Folder>
  <Folder Name="/tests/">
    <Project Path="tests/Toucan.Avalonia.Tests/Toucan.Avalonia.Tests.csproj" />
    <Project Path="tests/Toucan.Core.Tests/Toucan.Core.Tests.csproj" />
    <Project Path="tests/Plugins/Toucan.TestPlugins/Toucan.TestPlugins.csproj" />
  </Folder>
  <Project Path="Toucan.Avalonia/Toucan.Avalonia.csproj" />
  <Project Path="Toucan.CLI/Toucan.CLI.csproj" />
  <Project Path="Toucan.Core/Toucan.Core.csproj" />
  <Project Path="Toucan.Plugins.Abstractions/Toucan.Plugins.Abstractions.csproj" />
  <Folder Name="/samples/">
    <Project Path="samples/Toucan.Sample.Plugin/Toucan.Sample.Plugin.csproj" />
  </Folder>
</Solution>
