<Solution>
  <Configurations>
    <Platform Name="Any CPU" />
    <Platform Name="ARM" />
    <Platform Name="ARM64" />
    <Platform Name="x64" />
    <Platform Name="x86" />
  </Configurations>
  <Folder Name="/Solution Items/">
    <File Path=".editorconfig" />
    <File Path="README.md" />
  </Folder>
  <Folder Name="/tests/">
    <Project Path="tests/Toucan.Avalonia.Tests/Toucan.Avalonia.Tests.csproj" />
  </Folder>
  <Project Path="tests/Toucan.Core.Tests/Toucan.Core.Tests.csproj" />
  <Project Path="tests/Plugins/Toucan.TestPlugins/Toucan.TestPlugins.csproj" />
  <Project Path="Toucan.Avalonia/Toucan.Avalonia.csproj" />
  <Project Path="Toucan.CLI/Toucan.CLI.csproj" />
  <Project Path="Toucan.Core.Common/Toucan.Core.Common.csproj" />
  <Project Path="Toucan.Modules.Defaults/Toucan.Modules.Defaults.csproj" />
  <Project Path="Toucan.Modules.Formats.Json/Toucan.Modules.Formats.Json.csproj" />
  <Project Path="Toucan.Modules.Formats.Xml/Toucan.Modules.Formats.Xml.csproj" />
  <Project Path="Toucan.Modules.Formats.Text/Toucan.Modules.Formats.Text.csproj" />
  <Project Path="Toucan.Modules.Formats.Data/Toucan.Modules.Formats.Data.csproj" />
  <Project Path="Toucan.Modules.Frameworks/Toucan.Modules.Frameworks.csproj" />
  <Project Path="Toucan.Modules.Providers/Toucan.Modules.Providers.csproj" />
  <Project Path="Toucan.Modules.Validation/Toucan.Modules.Validation.csproj" />
  <Project Path="Toucan.Plugins.Abstractions/Toucan.Plugins.Abstractions.csproj" />
  <Project Path="Toucan.Plugins.Avalonia/Toucan.Plugins.Avalonia.csproj" />
  <Folder Name="/samples/">
    <Project Path="samples/Toucan.Sample.Plugin/Toucan.Sample.Plugin.csproj" />
  </Folder>
  <Project Path="Toucan.Core/Toucan.Core.csproj">
    <Platform Solution="*|x64" Project="x64" />
    <Platform Solution="*|x86" Project="x86" />
  </Project>
</Solution>
